// !$*UTF8*$!
{
	archiveVersion = 1;
	classes = {
	};
	objectVersion = 77;
	objects = {

/* Begin PBXBuildFile section */
		11F471982CF295D700AFE05F /* SwiftSerial in Frameworks */ = {isa = PBXBuildFile; productRef = 11F471972CF295D700AFE05F /* SwiftSerial */; };
/* End PBXBuildFile section */

/* Begin PBXContainerItemProxy section */
		11C234652CC894B6004EB5D7 /* PBXContainerItemProxy */ = {
			isa = PBXContainerItemProxy;
			containerPortal = 11C2344B2CC894B4004EB5D7 /* Project object */;
			proxyType = 1;
			remoteGlobalIDString = 11C234522CC894B4004EB5D7;
			remoteInfo = "Creature Configurator";
		};
		11C2346F2CC894B6004EB5D7 /* PBXContainerItemProxy */ = {
			isa = PBXContainerItemProxy;
			containerPortal = 11C2344B2CC894B4004EB5D7 /* Project object */;
			proxyType = 1;
			remoteGlobalIDString = 11C234522CC894B4004EB5D7;
			remoteInfo = "Creature Configurator";
		};
/* End PBXContainerItemProxy section */

/* Begin PBXFileReference section */
		11C234532CC894B4004EB5D7 /* Creature Configurator.app */ = {isa = PBXFileReference; explicitFileType = wrapper.application; includeInIndex = 0; path = "Creature Configurator.app"; sourceTree = BUILT_PRODUCTS_DIR; };
		11C234642CC894B6004EB5D7 /* Creature ConfiguratorTests.xctest */ = {isa = PBXFileReference; explicitFileType = wrapper.cfbundle; includeInIndex = 0; path = "Creature ConfiguratorTests.xctest"; sourceTree = BUILT_PRODUCTS_DIR; };
		11C2346E2CC894B6004EB5D7 /* Creature ConfiguratorUITests.xctest */ = {isa = PBXFileReference; explicitFileType = wrapper.cfbundle; includeInIndex = 0; path = "Creature ConfiguratorUITests.xctest"; sourceTree = BUILT_PRODUCTS_DIR; };
/* End PBXFileReference section */

/* Begin PBXFileSystemSynchronizedRootGroup section */
		11C234552CC894B4004EB5D7 /* Creature Configurator */ = {
			isa = PBXFileSystemSynchronizedRootGroup;
			path = "Creature Configurator";
			sourceTree = "<group>";
		};
		11C234672CC894B6004EB5D7 /* Creature ConfiguratorTests */ = {
			isa = PBXFileSystemSynchronizedRootGroup;
			path = "Creature ConfiguratorTests";
			sourceTree = "<group>";
		};
		11C234712CC894B6004EB5D7 /* Creature ConfiguratorUITests */ = {
			isa = PBXFileSystemSynchronizedRootGroup;
			path = "Creature ConfiguratorUITests";
			sourceTree = "<group>";
		};
/* End PBXFileSystemSynchronizedRootGroup section */

/* Begin PBXFrameworksBuildPhase section */
		11C234502CC894B4004EB5D7 /* Frameworks */ = {
			isa = PBXFrameworksBuildPhase;
			buildActionMask = 2147483647;
			files = (
				11F471982CF295D700AFE05F /* SwiftSerial in Frameworks */,
			);
			runOnlyForDeploymentPostprocessing = 0;
		};
		11C234612CC894B6004EB5D7 /* Frameworks */ = {
			isa = PBXFrameworksBuildPhase;
			buildActionMask = 2147483647;
			files = (
			);
			runOnlyForDeploymentPostprocessing = 0;
		};
		11C2346B2CC894B6004EB5D7 /* Frameworks */ = {
			isa = PBXFrameworksBuildPhase;
			buildActionMask = 2147483647;
			files = (
			);
			runOnlyForDeploymentPostprocessing = 0;
		};
/* End PBXFrameworksBuildPhase section */

/* Begin PBXGroup section */
		11C2344A2CC894B4004EB5D7 = {
			isa = PBXGroup;
			children = (
				11C234552CC894B4004EB5D7 /* Creature Configurator */,
				11C234672CC894B6004EB5D7 /* Creature ConfiguratorTests */,
				11C234712CC894B6004EB5D7 /* Creature ConfiguratorUITests */,
				11C234542CC894B4004EB5D7 /* Products */,
			);
			sourceTree = "<group>";
		};
		11C234542CC894B4004EB5D7 /* Products */ = {
			isa = PBXGroup;
			children = (
				11C234532CC894B4004EB5D7 /* Creature Configurator.app */,
				11C234642CC894B6004EB5D7 /* Creature ConfiguratorTests.xctest */,
				11C2346E2CC894B6004EB5D7 /* Creature ConfiguratorUITests.xctest */,
			);
			name = Products;
			sourceTree = "<group>";
		};
/* End PBXGroup section */

/* Begin PBXNativeTarget section */
		11C234522CC894B4004EB5D7 /* Creature Configurator */ = {
			isa = PBXNativeTarget;
			buildConfigurationList = 11C234782CC894B6004EB5D7 /* Build configuration list for PBXNativeTarget "Creature Configurator" */;
			buildPhases = (
				11C2344F2CC894B4004EB5D7 /* Sources */,
				11C234502CC894B4004EB5D7 /* Frameworks */,
				11C234512CC894B4004EB5D7 /* Resources */,
			);
			buildRules = (
			);
			dependencies = (
			);
			fileSystemSynchronizedGroups = (
				11C234552CC894B4004EB5D7 /* Creature Configurator */,
			);
			name = "Creature Configurator";
			packageProductDependencies = (
				11F471972CF295D700AFE05F /* SwiftSerial */,
			);
			productName = "Creature Configurator";
			productReference = 11C234532CC894B4004EB5D7 /* Creature Configurator.app */;
			productType = "com.apple.product-type.application";
		};
		11C234632CC894B6004EB5D7 /* Creature ConfiguratorTests */ = {
			isa = PBXNativeTarget;
			buildConfigurationList = 11C2347B2CC894B6004EB5D7 /* Build configuration list for PBXNativeTarget "Creature ConfiguratorTests" */;
			buildPhases = (
				11C234602CC894B6004EB5D7 /* Sources */,
				11C234612CC894B6004EB5D7 /* Frameworks */,
				11C234622CC894B6004EB5D7 /* Resources */,
			);
			buildRules = (
			);
			dependencies = (
				11C234662CC894B6004EB5D7 /* PBXTargetDependency */,
			);
			fileSystemSynchronizedGroups = (
				11C234672CC894B6004EB5D7 /* Creature ConfiguratorTests */,
			);
			name = "Creature ConfiguratorTests";
			packageProductDependencies = (
			);
			productName = "Creature ConfiguratorTests";
			productReference = 11C234642CC894B6004EB5D7 /* Creature ConfiguratorTests.xctest */;
			productType = "com.apple.product-type.bundle.unit-test";
		};
		11C2346D2CC894B6004EB5D7 /* Creature ConfiguratorUITests */ = {
			isa = PBXNativeTarget;
			buildConfigurationList = 11C2347E2CC894B6004EB5D7 /* Build configuration list for PBXNativeTarget "Creature ConfiguratorUITests" */;
			buildPhases = (
				11C2346A2CC894B6004EB5D7 /* Sources */,
				11C2346B2CC894B6004EB5D7 /* Frameworks */,
				11C2346C2CC894B6004EB5D7 /* Resources */,
			);
			buildRules = (
			);
			dependencies = (
				11C234702CC894B6004EB5D7 /* PBXTargetDependency */,
			);
			fileSystemSynchronizedGroups = (
				11C234712CC894B6004EB5D7 /* Creature ConfiguratorUITests */,
			);
			name = "Creature ConfiguratorUITests";
			packageProductDependencies = (
			);
			productName = "Creature ConfiguratorUITests";
			productReference = 11C2346E2CC894B6004EB5D7 /* Creature ConfiguratorUITests.xctest */;
			productType = "com.apple.product-type.bundle.ui-testing";
		};
/* End PBXNativeTarget section */

/* Begin PBXProject section */
		11C2344B2CC894B4004EB5D7 /* Project object */ = {
			isa = PBXProject;
			attributes = {
				BuildIndependentTargetsInParallel = 1;
				LastSwiftUpdateCheck = 1600;
				LastUpgradeCheck = 1600;
				TargetAttributes = {
					11C234522CC894B4004EB5D7 = {
						CreatedOnToolsVersion = 16.0;
					};
					11C234632CC894B6004EB5D7 = {
						CreatedOnToolsVersion = 16.0;
						TestTargetID = 11C234522CC894B4004EB5D7;
					};
					11C2346D2CC894B6004EB5D7 = {
						CreatedOnToolsVersion = 16.0;
						TestTargetID = 11C234522CC894B4004EB5D7;
					};
				};
			};
			buildConfigurationList = 11C2344E2CC894B4004EB5D7 /* Build configuration list for PBXProject "Creature Configurator" */;
			developmentRegion = en;
			hasScannedForEncodings = 0;
			knownRegions = (
				en,
				Base,
			);
			mainGroup = 11C2344A2CC894B4004EB5D7;
			minimizedProjectReferenceProxies = 1;
			packageReferences = (
				11F471962CF295D700AFE05F /* XCRemoteSwiftPackageReference "SwiftSerial" */,
			);
			preferredProjectObjectVersion = 77;
			productRefGroup = 11C234542CC894B4004EB5D7 /* Products */;
			projectDirPath = "";
			projectRoot = "";
			targets = (
				11C234522CC894B4004EB5D7 /* Creature Configurator */,
				11C234632CC894B6004EB5D7 /* Creature ConfiguratorTests */,
				11C2346D2CC894B6004EB5D7 /* Creature ConfiguratorUITests */,
			);
		};
/* End PBXProject section */

/* Begin PBXResourcesBuildPhase section */
		11C234512CC894B4004EB5D7 /* Resources */ = {
			isa = PBXResourcesBuildPhase;
			buildActionMask = 2147483647;
			files = (
			);
			runOnlyForDeploymentPostprocessing = 0;
		};
		11C234622CC894B6004EB5D7 /* Resources */ = {
			isa = PBXResourcesBuildPhase;
			buildActionMask = 2147483647;
			files = (
			);
			runOnlyForDeploymentPostprocessing = 0;
		};
		11C2346C2CC894B6004EB5D7 /* Resources */ = {
			isa = PBXResourcesBuildPhase;
			buildActionMask = 2147483647;
			files = (
			);
			runOnlyForDeploymentPostprocessing = 0;
		};
/* End PBXResourcesBuildPhase section */

/* Begin PBXSourcesBuildPhase section */
		11C2344F2CC894B4004EB5D7 /* Sources */ = {
			isa = PBXSourcesBuildPhase;
			buildActionMask = 2147483647;
			files = (
			);
			runOnlyForDeploymentPostprocessing = 0;
		};
		11C234602CC894B6004EB5D7 /* Sources */ = {
			isa = PBXSourcesBuildPhase;
			buildActionMask = 2147483647;
			files = (
			);
			runOnlyForDeploymentPostprocessing = 0;
		};
		11C2346A2CC894B6004EB5D7 /* Sources */ = {
			isa = PBXSourcesBuildPhase;
			buildActionMask = 2147483647;
			files = (
			);
			runOnlyForDeploymentPostprocessing = 0;
		};
/* End PBXSourcesBuildPhase section */

/* Begin PBXTargetDependency section */
		11C234662CC894B6004EB5D7 /* PBXTargetDependency */ = {
			isa = PBXTargetDependency;
			target = 11C234522CC894B4004EB5D7 /* Creature Configurator */;
			targetProxy = 11C234652CC894B6004EB5D7 /* PBXContainerItemProxy */;
		};
		11C234702CC894B6004EB5D7 /* PBXTargetDependency */ = {
			isa = PBXTargetDependency;
			target = 11C234522CC894B4004EB5D7 /* Creature Configurator */;
			targetProxy = 11C2346F2CC894B6004EB5D7 /* PBXContainerItemProxy */;
		};
/* End PBXTargetDependency section */

/* Begin XCBuildConfiguration section */
		11C234762CC894B6004EB5D7 /* Debug */ = {
			isa = XCBuildConfiguration;
			buildSettings = {
				ALWAYS_SEARCH_USER_PATHS = NO;
				ASSETCATALOG_COMPILER_GENERATE_SWIFT_ASSET_SYMBOL_EXTENSIONS = YES;
				CLANG_ANALYZER_NONNULL = YES;
				CLANG_ANALYZER_NUMBER_OBJECT_CONVERSION = YES_AGGRESSIVE;
				CLANG_CXX_LANGUAGE_STANDARD = "gnu++20";
				CLANG_ENABLE_MODULES = YES;
				CLANG_ENABLE_OBJC_ARC = YES;
				CLANG_ENABLE_OBJC_WEAK = YES;
				CLANG_WARN_BLOCK_CAPTURE_AUTORELEASING = YES;
				CLANG_WARN_BOOL_CONVERSION = YES;
				CLANG_WARN_COMMA = YES;
				CLANG_WARN_CONSTANT_CONVERSION = YES;
				CLANG_WARN_DEPRECATED_OBJC_IMPLEMENTATIONS = YES;
				CLANG_WARN_DIRECT_OBJC_ISA_USAGE = YES_ERROR;
				CLANG_WARN_DOCUMENTATION_COMMENTS = YES;
				CLANG_WARN_EMPTY_BODY = YES;
				CLANG_WARN_ENUM_CONVERSION = YES;
				CLANG_WARN_INFINITE_RECURSION = YES;
				CLANG_WARN_INT_CONVERSION = YES;
				CLANG_WARN_NON_LITERAL_NULL_CONVERSION = YES;
				CLANG_WARN_OBJC_IMPLICIT_RETAIN_SELF = YES;
				CLANG_WARN_OBJC_LITERAL_CONVERSION = YES;
				CLANG_WARN_OBJC_ROOT_CLASS = YES_ERROR;
				CLANG_WARN_QUOTED_INCLUDE_IN_FRAMEWORK_HEADER = YES;
				CLANG_WARN_RANGE_LOOP_ANALYSIS = YES;
				CLANG_WARN_STRICT_PROTOTYPES = YES;
				CLANG_WARN_SUSPICIOUS_MOVE = YES;
				CLANG_WARN_UNGUARDED_AVAILABILITY = YES_AGGRESSIVE;
				CLANG_WARN_UNREACHABLE_CODE = YES;
				CLANG_WARN__DUPLICATE_METHOD_MATCH = YES;
				COPY_PHASE_STRIP = NO;
				DEBUG_INFORMATION_FORMAT = dwarf;
				ENABLE_STRICT_OBJC_MSGSEND = YES;
				ENABLE_TESTABILITY = YES;
				ENABLE_USER_SCRIPT_SANDBOXING = YES;
				GCC_C_LANGUAGE_STANDARD = gnu17;
				GCC_DYNAMIC_NO_PIC = NO;
				GCC_NO_COMMON_BLOCKS = YES;
				GCC_OPTIMIZATION_LEVEL = 0;
				GCC_PREPROCESSOR_DEFINITIONS = (
					"DEBUG=1",
					"$(inherited)",
				);
				GCC_WARN_64_TO_32_BIT_CONVERSION = YES;
				GCC_WARN_ABOUT_RETURN_TYPE = YES_ERROR;
				GCC_WARN_UNDECLARED_SELECTOR = YES;
				GCC_WARN_UNINITIALIZED_AUTOS = YES_AGGRESSIVE;
				GCC_WARN_UNUSED_FUNCTION = YES;
				GCC_WARN_UNUSED_VARIABLE = YES;
				LOCALIZATION_PREFERS_STRING_CATALOGS = YES;
				MTL_ENABLE_DEBUG_INFO = INCLUDE_SOURCE;
				MTL_FAST_MATH = YES;
				ONLY_ACTIVE_ARCH = YES;
				SWIFT_ACTIVE_COMPILATION_CONDITIONS = "DEBUG $(inherited)";
				SWIFT_OPTIMIZATION_LEVEL = "-Onone";
			};
			name = Debug;
		};
		11C234772CC894B6004EB5D7 /* Release */ = {
			isa = XCBuildConfiguration;
			buildSettings = {
				ALWAYS_SEARCH_USER_PATHS = NO;
				ASSETCATALOG_COMPILER_GENERATE_SWIFT_ASSET_SYMBOL_EXTENSIONS = YES;
				CLANG_ANALYZER_NONNULL = YES;
				CLANG_ANALYZER_NUMBER_OBJECT_CONVERSION = YES_AGGRESSIVE;
				CLANG_CXX_LANGUAGE_STANDARD = "gnu++20";
				CLANG_ENABLE_MODULES = YES;
				CLANG_ENABLE_OBJC_ARC = YES;
				CLANG_ENABLE_OBJC_WEAK = YES;
				CLANG_WARN_BLOCK_CAPTURE_AUTORELEASING = YES;
				CLANG_WARN_BOOL_CONVERSION = YES;
				CLANG_WARN_COMMA = YES;
				CLANG_WARN_CONSTANT_CONVERSION = YES;
				CLANG_WARN_DEPRECATED_OBJC_IMPLEMENTATIONS = YES;
				CLANG_WARN_DIRECT_OBJC_ISA_USAGE = YES_ERROR;
				CLANG_WARN_DOCUMENTATION_COMMENTS = YES;
				CLANG_WARN_EMPTY_BODY = YES;
				CLANG_WARN_ENUM_CONVERSION = YES;
				CLANG_WARN_INFINITE_RECURSION = YES;
				CLANG_WARN_INT_CONVERSION = YES;
				CLANG_WARN_NON_LITERAL_NULL_CONVERSION = YES;
				CLANG_WARN_OBJC_IMPLICIT_RETAIN_SELF = YES;
				CLANG_WARN_OBJC_LITERAL_CONVERSION = YES;
				CLANG_WARN_OBJC_ROOT_CLASS = YES_ERROR;
				CLANG_WARN_QUOTED_INCLUDE_IN_FRAMEWORK_HEADER = YES;
				CLANG_WARN_RANGE_LOOP_ANALYSIS = YES;
				CLANG_WARN_STRICT_PROTOTYPES = YES;
				CLANG_WARN_SUSPICIOUS_MOVE = YES;
				CLANG_WARN_UNGUARDED_AVAILABILITY = YES_AGGRESSIVE;
				CLANG_WARN_UNREACHABLE_CODE = YES;
				CLANG_WARN__DUPLICATE_METHOD_MATCH = YES;
				COPY_PHASE_STRIP = NO;
				DEBUG_INFORMATION_FORMAT = "dwarf-with-dsym";
				ENABLE_NS_ASSERTIONS = NO;
				ENABLE_STRICT_OBJC_MSGSEND = YES;
				ENABLE_USER_SCRIPT_SANDBOXING = YES;
				GCC_C_LANGUAGE_STANDARD = gnu17;
				GCC_NO_COMMON_BLOCKS = YES;
				GCC_WARN_64_TO_32_BIT_CONVERSION = YES;
				GCC_WARN_ABOUT_RETURN_TYPE = YES_ERROR;
				GCC_WARN_UNDECLARED_SELECTOR = YES;
				GCC_WARN_UNINITIALIZED_AUTOS = YES_AGGRESSIVE;
				GCC_WARN_UNUSED_FUNCTION = YES;
				GCC_WARN_UNUSED_VARIABLE = YES;
				LOCALIZATION_PREFERS_STRING_CATALOGS = YES;
				MTL_ENABLE_DEBUG_INFO = NO;
				MTL_FAST_MATH = YES;
				SWIFT_COMPILATION_MODE = wholemodule;
			};
			name = Release;
		};
		11C234792CC894B6004EB5D7 /* Debug */ = {
			isa = XCBuildConfiguration;
			buildSettings = {
				ASSETCATALOG_COMPILER_APPICON_NAME = AppIcon;
				ASSETCATALOG_COMPILER_GLOBAL_ACCENT_COLOR_NAME = AccentColor;
				CODE_SIGN_ENTITLEMENTS = "Creature Configurator/Creature_Configurator.entitlements";
				"CODE_SIGN_IDENTITY[sdk=macosx*]" = "Apple Development";
				CODE_SIGN_STYLE = Automatic;
				CURRENT_PROJECT_VERSION = 1100;
				DEVELOPMENT_ASSET_PATHS = "\"Creature Configurator/Preview Content\"";
				DEVELOPMENT_TEAM = YQ8A74NDMJ;
				ENABLE_HARDENED_RUNTIME = YES;
				ENABLE_PREVIEWS = YES;
				GENERATE_INFOPLIST_FILE = YES;
				INFOPLIST_FILE = "Creature-Configurator-Info.plist";
				INFOPLIST_KEY_CFBundleDisplayName = "ACW EEPROM Tool";
				INFOPLIST_KEY_LSApplicationCategoryType = "public.app-category.developer-tools";
				"INFOPLIST_KEY_UIApplicationSceneManifest_Generation[sdk=iphoneos*]" = YES;
				"INFOPLIST_KEY_UIApplicationSceneManifest_Generation[sdk=iphonesimulator*]" = YES;
				"INFOPLIST_KEY_UIApplicationSupportsIndirectInputEvents[sdk=iphoneos*]" = YES;
				"INFOPLIST_KEY_UIApplicationSupportsIndirectInputEvents[sdk=iphonesimulator*]" = YES;
				"INFOPLIST_KEY_UILaunchScreen_Generation[sdk=iphoneos*]" = YES;
				"INFOPLIST_KEY_UILaunchScreen_Generation[sdk=iphonesimulator*]" = YES;
				INFOPLIST_KEY_UIStatusBarStyle = "";
				"INFOPLIST_KEY_UIStatusBarStyle[sdk=iphoneos*]" = UIStatusBarStyleDefault;
				"INFOPLIST_KEY_UIStatusBarStyle[sdk=iphonesimulator*]" = UIStatusBarStyleDefault;
				INFOPLIST_KEY_UISupportedInterfaceOrientations_iPad = "UIInterfaceOrientationPortrait UIInterfaceOrientationPortraitUpsideDown UIInterfaceOrientationLandscapeLeft UIInterfaceOrientationLandscapeRight";
				INFOPLIST_KEY_UISupportedInterfaceOrientations_iPhone = "UIInterfaceOrientationPortrait UIInterfaceOrientationLandscapeLeft UIInterfaceOrientationLandscapeRight";
				IPHONEOS_DEPLOYMENT_TARGET = 18.0;
				LD_RUNPATH_SEARCH_PATHS = "@executable_path/Frameworks";
				"LD_RUNPATH_SEARCH_PATHS[sdk=macosx*]" = "@executable_path/../Frameworks";
				MACOSX_DEPLOYMENT_TARGET = 14.6;
				MARKETING_VERSION = 1.1.0;
				PRODUCT_BUNDLE_IDENTIFIER = "creature.engineering.Creature-Configurator";
				PRODUCT_NAME = "$(TARGET_NAME)";
				SDKROOT = auto;
				SUPPORTED_PLATFORMS = macosx;
				SUPPORTS_MACCATALYST = NO;
				SWIFT_EMIT_LOC_STRINGS = YES;
				SWIFT_VERSION = 5.0;
				XROS_DEPLOYMENT_TARGET = 2.0;
			};
			name = Debug;
		};
		11C2347A2CC894B6004EB5D7 /* Release */ = {
			isa = XCBuildConfiguration;
			buildSettings = {
				ASSETCATALOG_COMPILER_APPICON_NAME = AppIcon;
				ASSETCATALOG_COMPILER_GLOBAL_ACCENT_COLOR_NAME = AccentColor;
				CODE_SIGN_ENTITLEMENTS = "Creature Configurator/Creature_Configurator.entitlements";
				"CODE_SIGN_IDENTITY[sdk=macosx*]" = "Apple Development";
				CODE_SIGN_STYLE = Automatic;
				CURRENT_PROJECT_VERSION = 1100;
				DEVELOPMENT_ASSET_PATHS = "\"Creature Configurator/Preview Content\"";
				DEVELOPMENT_TEAM = YQ8A74NDMJ;
				ENABLE_HARDENED_RUNTIME = YES;
				ENABLE_PREVIEWS = YES;
				GENERATE_INFOPLIST_FILE = YES;
				INFOPLIST_FILE = "Creature-Configurator-Info.plist";
				INFOPLIST_KEY_CFBundleDisplayName = "ACW EEPROM Tool";
				INFOPLIST_KEY_LSApplicationCategoryType = "public.app-category.developer-tools";
				"INFOPLIST_KEY_UIApplicationSceneManifest_Generation[sdk=iphoneos*]" = YES;
				"INFOPLIST_KEY_UIApplicationSceneManifest_Generation[sdk=iphonesimulator*]" = YES;
				"INFOPLIST_KEY_UIApplicationSupportsIndirectInputEvents[sdk=iphoneos*]" = YES;
				"INFOPLIST_KEY_UIApplicationSupportsIndirectInputEvents[sdk=iphonesimulator*]" = YES;
				"INFOPLIST_KEY_UILaunchScreen_Generation[sdk=iphoneos*]" = YES;
				"INFOPLIST_KEY_UILaunchScreen_Generation[sdk=iphonesimulator*]" = YES;
				INFOPLIST_KEY_UIStatusBarStyle = "";
				"INFOPLIST_KEY_UIStatusBarStyle[sdk=iphoneos*]" = UIStatusBarStyleDefault;
				"INFOPLIST_KEY_UIStatusBarStyle[sdk=iphonesimulator*]" = UIStatusBarStyleDefault;
				INFOPLIST_KEY_UISupportedInterfaceOrientations_iPad = "UIInterfaceOrientationPortrait UIInterfaceOrientationPortraitUpsideDown UIInterfaceOrientationLandscapeLeft UIInterfaceOrientationLandscapeRight";
				INFOPLIST_KEY_UISupportedInterfaceOrientations_iPhone = "UIInterfaceOrientationPortrait UIInterfaceOrientationLandscapeLeft UIInterfaceOrientationLandscapeRight";
				IPHONEOS_DEPLOYMENT_TARGET = 18.0;
				LD_RUNPATH_SEARCH_PATHS = "@executable_path/Frameworks";
				"LD_RUNPATH_SEARCH_PATHS[sdk=macosx*]" = "@executable_path/../Frameworks";
				MACOSX_DEPLOYMENT_TARGET = 14.6;
				MARKETING_VERSION = 1.1.0;
				PRODUCT_BUNDLE_IDENTIFIER = "creature.engineering.Creature-Configurator";
				PRODUCT_NAME = "$(TARGET_NAME)";
				SDKROOT = auto;
				SUPPORTED_PLATFORMS = macosx;
				SUPPORTS_MACCATALYST = NO;
				SWIFT_EMIT_LOC_STRINGS = YES;
				SWIFT_VERSION = 5.0;
				XROS_DEPLOYMENT_TARGET = 2.0;
			};
			name = Release;
		};
		11C2347C2CC894B6004EB5D7 /* Debug */ = {
			isa = XCBuildConfiguration;
			buildSettings = {
				BUNDLE_LOADER = "$(TEST_HOST)";
				CODE_SIGN_STYLE = Automatic;
				CURRENT_PROJECT_VERSION = 1;
				DEVELOPMENT_TEAM = YQ8A74NDMJ;
				GENERATE_INFOPLIST_FILE = YES;
				IPHONEOS_DEPLOYMENT_TARGET = 18.0;
				MACOSX_DEPLOYMENT_TARGET = 15.0;
				MARKETING_VERSION = 1.0;
				PRODUCT_BUNDLE_IDENTIFIER = "creature.engineering.Creature-ConfiguratorTests";
				PRODUCT_NAME = "$(TARGET_NAME)";
				SDKROOT = auto;
				SUPPORTED_PLATFORMS = "iphoneos iphonesimulator macosx xros xrsimulator";
				SWIFT_EMIT_LOC_STRINGS = NO;
				SWIFT_VERSION = 5.0;
				TARGETED_DEVICE_FAMILY = "1,2,7";
				TEST_HOST = "$(BUILT_PRODUCTS_DIR)/Creature Configurator.app/$(BUNDLE_EXECUTABLE_FOLDER_PATH)/Creature Configurator";
				XROS_DEPLOYMENT_TARGET = 2.0;
			};
			name = Debug;
		};
		11C2347D2CC894B6004EB5D7 /* Release */ = {
			isa = XCBuildConfiguration;
			buildSettings = {
				BUNDLE_LOADER = "$(TEST_HOST)";
				CODE_SIGN_STYLE = Automatic;
				CURRENT_PROJECT_VERSION = 1;
				DEVELOPMENT_TEAM = YQ8A74NDMJ;
				GENERATE_INFOPLIST_FILE = YES;
				IPHONEOS_DEPLOYMENT_TARGET = 18.0;
				MACOSX_DEPLOYMENT_TARGET = 15.0;
				MARKETING_VERSION = 1.0;
				PRODUCT_BUNDLE_IDENTIFIER = "creature.engineering.Creature-ConfiguratorTests";
				PRODUCT_NAME = "$(TARGET_NAME)";
				SDKROOT = auto;
				SUPPORTED_PLATFORMS = "iphoneos iphonesimulator macosx xros xrsimulator";
				SWIFT_EMIT_LOC_STRINGS = NO;
				SWIFT_VERSION = 5.0;
				TARGETED_DEVICE_FAMILY = "1,2,7";
				TEST_HOST = "$(BUILT_PRODUCTS_DIR)/Creature Configurator.app/$(BUNDLE_EXECUTABLE_FOLDER_PATH)/Creature Configurator";
				XROS_DEPLOYMENT_TARGET = 2.0;
			};
			name = Release;
		};
		11C2347F2CC894B6004EB5D7 /* Debug */ = {
			isa = XCBuildConfiguration;
			buildSettings = {
				CODE_SIGN_STYLE = Automatic;
				CURRENT_PROJECT_VERSION = 1;
				DEVELOPMENT_TEAM = YQ8A74NDMJ;
				GENERATE_INFOPLIST_FILE = YES;
				IPHONEOS_DEPLOYMENT_TARGET = 18.0;
				MACOSX_DEPLOYMENT_TARGET = 15.0;
				MARKETING_VERSION = 1.0;
				PRODUCT_BUNDLE_IDENTIFIER = "creature.engineering.Creature-ConfiguratorUITests";
				PRODUCT_NAME = "$(TARGET_NAME)";
				SDKROOT = auto;
				SUPPORTED_PLATFORMS = "iphoneos iphonesimulator macosx xros xrsimulator";
				SWIFT_EMIT_LOC_STRINGS = NO;
				SWIFT_VERSION = 5.0;
				TARGETED_DEVICE_FAMILY = "1,2,7";
				TEST_TARGET_NAME = "Creature Configurator";
				XROS_DEPLOYMENT_TARGET = 2.0;
			};
			name = Debug;
		};
		11C234802CC894B6004EB5D7 /* Release */ = {
			isa = XCBuildConfiguration;
			buildSettings = {
				CODE_SIGN_STYLE = Automatic;
				CURRENT_PROJECT_VERSION = 1;
				DEVELOPMENT_TEAM = YQ8A74NDMJ;
				GENERATE_INFOPLIST_FILE = YES;
				IPHONEOS_DEPLOYMENT_TARGET = 18.0;
				MACOSX_DEPLOYMENT_TARGET = 15.0;
				MARKETING_VERSION = 1.0;
				PRODUCT_BUNDLE_IDENTIFIER = "creature.engineering.Creature-ConfiguratorUITests";
				PRODUCT_NAME = "$(TARGET_NAME)";
				SDKROOT = auto;
				SUPPORTED_PLATFORMS = "iphoneos iphonesimulator macosx xros xrsimulator";
				SWIFT_EMIT_LOC_STRINGS = NO;
				SWIFT_VERSION = 5.0;
				TARGETED_DEVICE_FAMILY = "1,2,7";
				TEST_TARGET_NAME = "Creature Configurator";
				XROS_DEPLOYMENT_TARGET = 2.0;
			};
			name = Release;
		};
/* End XCBuildConfiguration section */

/* Begin XCConfigurationList section */
		11C2344E2CC894B4004EB5D7 /* Build configuration list for PBXProject "Creature Configurator" */ = {
			isa = XCConfigurationList;
			buildConfigurations = (
				11C234762CC894B6004EB5D7 /* Debug */,
				11C234772CC894B6004EB5D7 /* Release */,
			);
			defaultConfigurationIsVisible = 0;
			defaultConfigurationName = Release;
		};
		11C234782CC894B6004EB5D7 /* Build configuration list for PBXNativeTarget "Creature Configurator" */ = {
			isa = XCConfigurationList;
			buildConfigurations = (
				11C234792CC894B6004EB5D7 /* Debug */,
				11C2347A2CC894B6004EB5D7 /* Release */,
			);
			defaultConfigurationIsVisible = 0;
			defaultConfigurationName = Release;
		};
		11C2347B2CC894B6004EB5D7 /* Build configuration list for PBXNativeTarget "Creature ConfiguratorTests" */ = {
			isa = XCConfigurationList;
			buildConfigurations = (
				11C2347C2CC894B6004EB5D7 /* Debug */,
				11C2347D2CC894B6004EB5D7 /* Release */,
			);
			defaultConfigurationIsVisible = 0;
			defaultConfigurationName = Release;
		};
		11C2347E2CC894B6004EB5D7 /* Build configuration list for PBXNativeTarget "Creature ConfiguratorUITests" */ = {
			isa = XCConfigurationList;
			buildConfigurations = (
				11C2347F2CC894B6004EB5D7 /* Debug */,
				11C234802CC894B6004EB5D7 /* Release */,
			);
			defaultConfigurationIsVisible = 0;
			defaultConfigurationName = Release;
		};
/* End XCConfigurationList section */

/* Begin XCRemoteSwiftPackageReference section */
		11F471962CF295D700AFE05F /* XCRemoteSwiftPackageReference "SwiftSerial" */ = {
			isa = XCRemoteSwiftPackageReference;
			repositoryURL = "https://github.com/mredig/SwiftSerial";
			requirement = {
				kind = upToNextMajorVersion;
				minimumVersion = 0.1.4;
			};
		};
/* End XCRemoteSwiftPackageReference section */

/* Begin XCSwiftPackageProductDependency section */
		11F471972CF295D700AFE05F /* SwiftSerial */ = {
			isa = XCSwiftPackageProductDependency;
			package = 11F471962CF295D700AFE05F /* XCRemoteSwiftPackageReference "SwiftSerial" */;
			productName = SwiftSerial;
		};
/* End XCSwiftPackageProductDependency section */
	};
	rootObject = 11C2344B2CC894B4004EB5D7 /* Project object */;
}
